
Microsoft Visual Studio Solution File, Format Version 12.00
# Visual Studio Version 16
VisualStudioVersion = 16.0.33130.400
MinimumVisualStudioVersion = 10.0.40219.1
Project("{FAE04EC0-301F-11D3-BF4B-00C04F79EFBC}") = "TextEditorProject", "TextEditorProject.csproj", "{A66B664A-2EB6-46DD-AF43-837E35F07E0B}"
EndProject
Global
	GlobalSection(SolutionConfigurationPlatforms) = preSolution
		Debug|Any CPU = Debug|Any CPU
		Release|Any CPU = Release|Any CPU
	EndGlobalSection
	GlobalSection(ProjectConfigurationPlatforms) = postSolution
		{A66B664A-2EB6-46DD-AF43-837E35F07E0B}.Debug|Any CPU.ActiveCfg = Debug|Any CPU
		{A66B664A-2EB6-46DD-AF43-837E35F07E0B}.Debug|Any CPU.Build.0 = Debug|Any CPU
		{A66B664A-2EB6-46DD-AF43-837E35F07E0B}.Release|Any CPU.ActiveCfg = Release|Any CPU
		{A66B664A-2EB6-46DD-AF43-837E35F07E0B}.Release|Any CPU.Build.0 = Release|Any CPU
	EndGlobalSection
	GlobalSection(SolutionProperties) = preSolution
		HideSolutionNode = FALSE
	EndGlobalSection
	GlobalSection(ExtensibilityGlobals) = postSolution
		SolutionGuid = {6A5C1424-EDA4-4C5A-A9C6-934C3B3EE4D9}
	EndGlobalSection
EndGlobal
